{
  "version": 4,
  "terraform_version": "1.14.7",
  "serial": 3,
  "lineage": "47df83ef-f9aa-4a20-d5a8-353ca59ae01c",
  "outputs": {},
  "resources": [
    {
      "mode": "managed",
      "type": "local_file",
      "name": "victoire",
      "provider": "provider[\"registry.terraform.io/hashicorp/local\"]",
      "instances": [
        {
          "schema_version": 0,
          "attributes": {
            "content": "Terraform fonctionne enfin ! La preuve est ici.",
            "content_base64": null,
            "directory_permission": "0777",
            "file_permission": "0777",
            "filename": "./victoire.txt",
            "id": "867ae5833085f5d802c480d9bd6c8b607adfd4eb",
            "sensitive_content": null,
            "source": null
          },
          "sensitive_attributes": [
            [
              {
                "type": "get_attr",
                "value": "sensitive_content"
              }
            ]
          ],
          "identity_schema_version": 0,
          "private": "bnVsbA=="
        }
      ]
    }
  ],
  "check_results": null
}
